lockfileVersion: '9.0'

settings:
  autoInstallPeers: true
  excludeLinksFromLockfile: false

importers:

  .:
    dependencies:
      '@oak/oak':
        specifier: npm:@jsr/oak__oak@^17.1.4
        version: '@jsr/oak__oak@17.1.4'
    devDependencies:
      '@types/bun':
        specifier: ^1.2.4
        version: 1.2.4
      '@types/node':
        specifier: ^22.13.9
        version: 22.13.9
      bumpp:
        specifier: ^10.0.3
        version: 10.0.3
      prettier:
        specifier: ^3.5.3
        version: 3.5.3
      typescript:
        specifier: ^5.8.2
        version: 5.8.2
      wrangler:
        specifier: 3.19.0
        version: 3.19.0

packages:

  '@cloudflare/kv-asset-handler@0.2.0':
    resolution: {integrity: sha512-MVbXLbTcAotOPUj0pAMhVtJ+3/kFkwJqc5qNOleOZTv6QkZZABDMS21dSrSlVswEHwrpWC03e4fWytjqKvuE2A==}

  '@cloudflare/workerd-darwin-64@1.20231030.0':
    resolution: {integrity: sha512-J4PQ9utPxLya9yHdMMx3AZeC5M/6FxcoYw6jo9jbDDFTy+a4Gslqf4Im9We3aeOEdPXa3tgQHVQOSelJSZLhIw==}
    engines: {node: '>=16'}
    cpu: [x64]
    os: [darwin]

  '@cloudflare/workerd-darwin-arm64@1.20231030.0':
    resolution: {integrity: sha512-WSJJjm11Del4hSneiNB7wTXGtBXI4QMCH9l5qf4iT5PAW8cESGcCmdHtWDWDtGAAGcvmLT04KNvmum92vRKKQQ==}
    engines: {node: '>=16'}
    cpu: [arm64]
    os: [darwin]

  '@cloudflare/workerd-linux-64@1.20231030.0':
    resolution: {integrity: sha512-2HUeRTvoCC17fxE0qdBeR7J9dO8j4A8ZbdcvY8pZxdk+zERU6+N03RTbk/dQMU488PwiDvcC3zZqS4gwLfVT8g==}
    engines: {node: '>=16'}
    cpu: [x64]
    os: [linux]

  '@cloudflare/workerd-linux-arm64@1.20231030.0':
    resolution: {integrity: sha512-4/GK5zHh+9JbUI6Z5xTCM0ZmpKKHk7vu9thmHjUxtz+o8Ne9DoD7DlDvXQWgMF6XGaTubDWyp3ttn+Qv8jDFuQ==}
    engines: {node: '>=16'}
    cpu: [arm64]
    os: [linux]

  '@cloudflare/workerd-windows-64@1.20231030.0':
    resolution: {integrity: sha512-fb/Jgj8Yqy3PO1jLhk7mTrHMkR8jklpbQFud6rL/aMAn5d6MQbaSrYOCjzkKGp0Zng8D2LIzSl+Fc0C9Sggxjg==}
    engines: {node: '>=16'}
    cpu: [x64]
    os: [win32]

  '@esbuild-plugins/node-globals-polyfill@0.2.3':
    resolution: {integrity: sha512-r3MIryXDeXDOZh7ih1l/yE9ZLORCd5e8vWg02azWRGj5SPTuoh69A2AIyn0Z31V/kHBfZ4HgWJ+OK3GTTwLmnw==}
    peerDependencies:
      esbuild: '*'

  '@esbuild-plugins/node-modules-polyfill@0.2.2':
    resolution: {integrity: sha512-LXV7QsWJxRuMYvKbiznh+U1ilIop3g2TeKRzUxOG5X3YITc8JyyTa90BmLwqqv0YnX4v32CSlG+vsziZp9dMvA==}
    peerDependencies:
      esbuild: '*'

  '@esbuild/android-arm64@0.17.19':
    resolution: {integrity: sha512-KBMWvEZooR7+kzY0BtbTQn0OAYY7CsiydT63pVEaPtVYF0hXbUaOyZog37DKxK7NF3XacBJOpYT4adIJh+avxA==}
    engines: {node: '>=12'}
    cpu: [arm64]
    os: [android]

  '@esbuild/android-arm@0.17.19':
    resolution: {integrity: sha512-rIKddzqhmav7MSmoFCmDIb6e2W57geRsM94gV2l38fzhXMwq7hZoClug9USI2pFRGL06f4IOPHHpFNOkWieR8A==}
    engines: {node: '>=12'}
    cpu: [arm]
    os: [android]

  '@esbuild/android-x64@0.17.19':
    resolution: {integrity: sha512-uUTTc4xGNDT7YSArp/zbtmbhO0uEEK9/ETW29Wk1thYUJBz3IVnvgEiEwEa9IeLyvnpKrWK64Utw2bgUmDveww==}
    engines: {node: '>=12'}
    cpu: [x64]
    os: [android]

  '@esbuild/darwin-arm64@0.17.19':
    resolution: {integrity: sha512-80wEoCfF/hFKM6WE1FyBHc9SfUblloAWx6FJkFWTWiCoht9Mc0ARGEM47e67W9rI09YoUxJL68WHfDRYEAvOhg==}
    engines: {node: '>=12'}
    cpu: [arm64]
    os: [darwin]

  '@esbuild/darwin-x64@0.17.19':
    resolution: {integrity: sha512-IJM4JJsLhRYr9xdtLytPLSH9k/oxR3boaUIYiHkAawtwNOXKE8KoU8tMvryogdcT8AU+Bflmh81Xn6Q0vTZbQw==}
    engines: {node: '>=12'}
    cpu: [x64]
    os: [darwin]

  '@esbuild/freebsd-arm64@0.17.19':
    resolution: {integrity: sha512-pBwbc7DufluUeGdjSU5Si+P3SoMF5DQ/F/UmTSb8HXO80ZEAJmrykPyzo1IfNbAoaqw48YRpv8shwd1NoI0jcQ==}
    engines: {node: '>=12'}
    cpu: [arm64]
    os: [freebsd]

  '@esbuild/freebsd-x64@0.17.19':
    resolution: {integrity: sha512-4lu+n8Wk0XlajEhbEffdy2xy53dpR06SlzvhGByyg36qJw6Kpfk7cp45DR/62aPH9mtJRmIyrXAS5UWBrJT6TQ==}
    engines: {node: '>=12'}
    cpu: [x64]
    os: [freebsd]

  '@esbuild/linux-arm64@0.17.19':
    resolution: {integrity: sha512-ct1Tg3WGwd3P+oZYqic+YZF4snNl2bsnMKRkb3ozHmnM0dGWuxcPTTntAF6bOP0Sp4x0PjSF+4uHQ1xvxfRKqg==}
    engines: {node: '>=12'}
    cpu: [arm64]
    os: [linux]

  '@esbuild/linux-arm@0.17.19':
    resolution: {integrity: sha512-cdmT3KxjlOQ/gZ2cjfrQOtmhG4HJs6hhvm3mWSRDPtZ/lP5oe8FWceS10JaSJC13GBd4eH/haHnqf7hhGNLerA==}
    engines: {node: '>=12'}
    cpu: [arm]
    os: [linux]

  '@esbuild/linux-ia32@0.17.19':
    resolution: {integrity: sha512-w4IRhSy1VbsNxHRQpeGCHEmibqdTUx61Vc38APcsRbuVgK0OPEnQ0YD39Brymn96mOx48Y2laBQGqgZ0j9w6SQ==}
    engines: {node: '>=12'}
    cpu: [ia32]
    os: [linux]

  '@esbuild/linux-loong64@0.17.19':
    resolution: {integrity: sha512-2iAngUbBPMq439a+z//gE+9WBldoMp1s5GWsUSgqHLzLJ9WoZLZhpwWuym0u0u/4XmZ3gpHmzV84PonE+9IIdQ==}
    engines: {node: '>=12'}
    cpu: [loong64]
    os: [linux]

  '@esbuild/linux-mips64el@0.17.19':
    resolution: {integrity: sha512-LKJltc4LVdMKHsrFe4MGNPp0hqDFA1Wpt3jE1gEyM3nKUvOiO//9PheZZHfYRfYl6AwdTH4aTcXSqBerX0ml4A==}
    engines: {node: '>=12'}
    cpu: [mips64el]
    os: [linux]

  '@esbuild/linux-ppc64@0.17.19':
    resolution: {integrity: sha512-/c/DGybs95WXNS8y3Ti/ytqETiW7EU44MEKuCAcpPto3YjQbyK3IQVKfF6nbghD7EcLUGl0NbiL5Rt5DMhn5tg==}
    engines: {node: '>=12'}
    cpu: [ppc64]
    os: [linux]

  '@esbuild/linux-riscv64@0.17.19':
    resolution: {integrity: sha512-FC3nUAWhvFoutlhAkgHf8f5HwFWUL6bYdvLc/TTuxKlvLi3+pPzdZiFKSWz/PF30TB1K19SuCxDTI5KcqASJqA==}
    engines: {node: '>=12'}
    cpu: [riscv64]
    os: [linux]

  '@esbuild/linux-s390x@0.17.19':
    resolution: {integrity: sha512-IbFsFbxMWLuKEbH+7sTkKzL6NJmG2vRyy6K7JJo55w+8xDk7RElYn6xvXtDW8HCfoKBFK69f3pgBJSUSQPr+4Q==}
    engines: {node: '>=12'}
    cpu: [s390x]
    os: [linux]

  '@esbuild/linux-x64@0.17.19':
    resolution: {integrity: sha512-68ngA9lg2H6zkZcyp22tsVt38mlhWde8l3eJLWkyLrp4HwMUr3c1s/M2t7+kHIhvMjglIBrFpncX1SzMckomGw==}
    engines: {node: '>=12'}
    cpu: [x64]
    os: [linux]

  '@esbuild/netbsd-x64@0.17.19':
    resolution: {integrity: sha512-CwFq42rXCR8TYIjIfpXCbRX0rp1jo6cPIUPSaWwzbVI4aOfX96OXY8M6KNmtPcg7QjYeDmN+DD0Wp3LaBOLf4Q==}
    engines: {node: '>=12'}
    cpu: [x64]
    os: [netbsd]

  '@esbuild/openbsd-x64@0.17.19':
    resolution: {integrity: sha512-cnq5brJYrSZ2CF6c35eCmviIN3k3RczmHz8eYaVlNasVqsNY+JKohZU5MKmaOI+KkllCdzOKKdPs762VCPC20g==}
    engines: {node: '>=12'}
    cpu: [x64]
    os: [openbsd]

  '@esbuild/sunos-x64@0.17.19':
    resolution: {integrity: sha512-vCRT7yP3zX+bKWFeP/zdS6SqdWB8OIpaRq/mbXQxTGHnIxspRtigpkUcDMlSCOejlHowLqII7K2JKevwyRP2rg==}
    engines: {node: '>=12'}
    cpu: [x64]
    os: [sunos]

  '@esbuild/win32-arm64@0.17.19':
    resolution: {integrity: sha512-yYx+8jwowUstVdorcMdNlzklLYhPxjniHWFKgRqH7IFlUEa0Umu3KuYplf1HUZZ422e3NU9F4LGb+4O0Kdcaag==}
    engines: {node: '>=12'}
    cpu: [arm64]
    os: [win32]

  '@esbuild/win32-ia32@0.17.19':
    resolution: {integrity: sha512-eggDKanJszUtCdlVs0RB+h35wNlb5v4TWEkq4vZcmVt5u/HiDZrTXe2bWFQUez3RgNHwx/x4sk5++4NSSicKkw==}
    engines: {node: '>=12'}
    cpu: [ia32]
    os: [win32]

  '@esbuild/win32-x64@0.17.19':
    resolution: {integrity: sha512-lAhycmKnVOuRYNtRtatQR1LPQf2oYCkRGkSFnseDAKPl8lu5SOsK/e1sXe5a0Pc5kHIHe6P2I/ilntNv2xf3cA==}
    engines: {node: '>=12'}
    cpu: [x64]
    os: [win32]

  '@fastify/busboy@2.1.1':
    resolution: {integrity: sha512-vBZP4NlzfOlerQTnba4aqZoMhE/a9HY7HRqoOPaETQcSQuWEIyZMHGfVu6w9wGtGK5fED5qRs2DteVCjOH60sA==}
    engines: {node: '>=14'}

  '@jsr/oak__commons@1.0.0':
    resolution: {integrity: sha512-KwXlS+TVFZ7EQo62nzGdCHg2/toRzcTCAxQ/BqS7QzAP7QQDv5nQRyybgLwK9zjVwG0D9ahN5x2biJTbinP9fw==, tarball: https://npm.jsr.io/~/11/@jsr/oak__commons/1.0.0.tgz}

  '@jsr/oak__oak@17.1.4':
    resolution: {integrity: sha512-dXBkD6jsduEbOFrxzRfG/hf7UUGTBnvy17rvVnmZ3YM6zw6NvTx3vKduHpt3mf9EKSCtXxBWWhb10Nv3V3pRfA==, tarball: https://npm.jsr.io/~/11/@jsr/oak__oak/17.1.4.tgz}

  '@jsr/std__assert@1.0.11':
    resolution: {integrity: sha512-sNXyi9EQA4f/9F3gI1t+Dz+LnvPwCC3JDUqn9YfWl7IK7RRipiHOkDpV8Vq3LL/ZDZF8Tcr36zVhuEOrRs8i+g==, tarball: https://npm.jsr.io/~/11/@jsr/std__assert/1.0.11.tgz}

  '@jsr/std__bytes@1.0.5':
    resolution: {integrity: sha512-jcyXQSy5zAh2/6NLMWUkhJuQ0HihY5RwWF5RvpZyEmpmBaokkTwPkev0sqHzNJJvNusDUMznVBIclTT9augCkg==, tarball: https://npm.jsr.io/~/11/@jsr/std__bytes/1.0.5.tgz}

  '@jsr/std__cli@1.0.14':
    resolution: {integrity: sha512-XyWcSVysfhC9sK8yxfcZ7hwTCv0NTCqkgK83qCYw7e0I6fM5KucBs7lTI7fzfyLX1YU5rVpG6AMM6wbbT8GFHw==, tarball: https://npm.jsr.io/~/11/@jsr/std__cli/1.0.14.tgz}

  '@jsr/std__crypto@1.0.4':
    resolution: {integrity: sha512-qtfyxcQbfhqTEOYRel8h6vssKpT2yD4kC39mzzwN1KsH53+nbiQZfXC5lmBxcfyihH7V2EibbP/MvSsYMmv6ZA==, tarball: https://npm.jsr.io/~/11/@jsr/std__crypto/1.0.4.tgz}

  '@jsr/std__encoding@1.0.7':
    resolution: {integrity: sha512-eySTZkCAHjiKGgOMvhUyTL4aT22svaCO0eO6CAbz48kRECMtRGEfe3KWXkVy4fhlZ/4OTw/RQLrTYyEqpGQp/Q==, tarball: https://npm.jsr.io/~/11/@jsr/std__encoding/1.0.7.tgz}

  '@jsr/std__fmt@1.0.6':
    resolution: {integrity: sha512-oPA9iNSb2Cg50Les9HUxpZ1Iw6To6yn2dawJ/SiO9SRMHE0Fh7EbRw5TLz9iwkrAfoWg9NfqRYkyNkDAg0B2ZQ==, tarball: https://npm.jsr.io/~/11/@jsr/std__fmt/1.0.6.tgz}

  '@jsr/std__html@1.0.3':
    resolution: {integrity: sha512-yJrM4yMRZ3EQgzqR5oAP4xc4+QVo1GgimZ5NszA38quXCsFna0bEpl4heyosUtcDjuSYSdBGr5dKAQlfkQpZCQ==, tarball: https://npm.jsr.io/~/11/@jsr/std__html/1.0.3.tgz}

  '@jsr/std__http@1.0.13':
    resolution: {integrity: sha512-TFUNeEikNJ3iaD4KomIO6wkybDxl9CmgqdJdYeYfbWMvMvoYKGPTqvqicuqvFmOQhgbsSoB0g1OT1hWHJmN2/A==, tarball: https://npm.jsr.io/~/11/@jsr/std__http/1.0.13.tgz}

  '@jsr/std__internal@1.0.5':
    resolution: {integrity: sha512-W2aN7UypJJ6EkfyXt5hBeIijBb8CmZk0jdjCzhOROr0SrXsXZ/V/9Qu1N0NxumFauPDAJz9NcP1mmZ9ZVSXwpQ==, tarball: https://npm.jsr.io/~/11/@jsr/std__internal/1.0.5.tgz}

  '@jsr/std__media-types@1.1.0':
    resolution: {integrity: sha512-dHvaxHL7ENWnltgL653uo3KnKFse3ZbopZop2gqsT7yrscx7irZEClu5Cba7gMPPRk4Lg1FbriNcaBViM2RSBw==, tarball: https://npm.jsr.io/~/11/@jsr/std__media-types/1.1.0.tgz}

  '@jsr/std__net@1.0.4':
    resolution: {integrity: sha512-KJGU8ZpQ70sMW2Zk+wU3wFUkggS9lTLfRFBygnV9VaK8KI+1ggiqtB06rH4a14CNRGM9y46Mn/ZCbQUd4Q45Jg==, tarball: https://npm.jsr.io/~/11/@jsr/std__net/1.0.4.tgz}

  '@jsr/std__path@1.0.8':
    resolution: {integrity: sha512-eNBGlh/8ZVkMxtFH4bwIzlAeKoHYk5in4wrBZhi20zMdOiuX4QozP4+19mIXBT2lzHDjhuVLyECbhFeR304iDg==, tarball: https://npm.jsr.io/~/11/@jsr/std__path/1.0.8.tgz}

  '@jsr/std__streams@1.0.9':
    resolution: {integrity: sha512-nPkEijnOPwLQt6ZtvOajE6F2hCmRILaq0kR6I0JFVvxSsvhdeyFMGc8F4DqypCpfq/U+8umLcE0RNMcYdx4NlQ==, tarball: https://npm.jsr.io/~/11/@jsr/std__streams/1.0.9.tgz}

  '@types/bun@1.2.4':
    resolution: {integrity: sha512-QtuV5OMR8/rdKJs213iwXDpfVvnskPXY/S0ZiFbsTjQZycuqPbMW8Gf/XhLfwE5njW8sxI2WjISURXPlHypMFA==}

  '@types/node-forge@1.3.13':
    resolution: {integrity: sha512-zePQJSW5QkwSHKRApqWCVKeKoSOt4xvEnLENZPjyvm9Ezdf/EyDeJM7jqLzOwjVICQQzvLZ63T55MKdJB5H6ww==}

  '@types/node@22.13.9':
    resolution: {integrity: sha512-acBjXdRJ3A6Pb3tqnw9HZmyR3Fiol3aGxRCK1x3d+6CDAMjl7I649wpSd+yNURCjbOUGu9tqtLKnTGxmK6CyGw==}

  '@types/ws@8.5.14':
    resolution: {integrity: sha512-bd/YFLW+URhBzMXurx7lWByOu+xzU9+kb3RboOteXYDfW+tr+JZa99OyNmPINEGB/ahzKrEuc8rcv4gnpJmxTw==}

  acorn-walk@8.3.4:
    resolution: {integrity: sha512-ueEepnujpqee2o5aIYnvHU6C0A42MNdsIDeqy5BydrkuC5R1ZuUFnm27EeFJGoEHJQgn3uleRvmTXaJgfXbt4g==}
    engines: {node: '>=0.4.0'}

  acorn@8.15.0:
    resolution: {integrity: sha512-NZyJarBfL7nWwIq+FDL6Zp/yHEhePMNnnJ0y3qfieCrmNvYct8uvtiV41UvlSe6apAfk0fY1FbWx+NwfmpvtTg==}
    engines: {node: '>=0.4.0'}
    hasBin: true

  anymatch@3.1.3:
    resolution: {integrity: sha512-KMReFUr0B4t+D+OBkjR3KYqvocp2XaSzO55UcB6mgQMd3KbcE+mWTyvVV7D/zsdEbNnV6acZUutkiHQXvTr1Rw==}
    engines: {node: '>= 8'}

  argparse@2.0.1:
    resolution: {integrity: sha512-8+9WqebbFzpX9OR+Wa6O29asIogeRMzcGtAINdpMHHyAg10f05aSFVBbcEqGf/PXw1EjAZ+q2/bEBg3DvurK3Q==}

  args-tokenizer@0.3.0:
    resolution: {integrity: sha512-xXAd7G2Mll5W8uo37GETpQ2VrE84M181Z7ugHFGQnJZ50M2mbOv0osSZ9VsSgPfJQ+LVG0prSi0th+ELMsno7Q==}

  as-table@1.0.55:
    resolution: {integrity: sha512-xvsWESUJn0JN421Xb9MQw6AsMHRCUknCe0Wjlxvjud80mU4E6hQf1A6NzQKcYNmYw62MfzEtXc+badstZP3JpQ==}

  binary-extensions@2.3.0:
    resolution: {integrity: sha512-Ceh+7ox5qe7LJuLHoY0feh3pHuUDHAcRUeyL2VYghZwfpkNIy/+8Ocg0a3UuSoYzavmylwuLWQOf3hl0jjMMIw==}
    engines: {node: '>=8'}

  blake3-wasm@2.1.5:
    resolution: {integrity: sha512-F1+K8EbfOZE49dtoPtmxUQrpXaBIl3ICvasLh+nJta0xkz+9kF/7uet9fLnwKqhDrmj6g+6K3Tw9yQPUg2ka5g==}

  braces@3.0.3:
    resolution: {integrity: sha512-yQbXgO/OSZVD2IsiLlro+7Hf6Q18EJrKSEsdoMzKePKXct3gvD8oLcOQdIzGupr5Fj+EDe8gO/lxc1BzfMpxvA==}
    engines: {node: '>=8'}

  buffer-from@1.1.2:
    resolution: {integrity: sha512-E+XQCRwSbaaiChtv6k6Dwgc+bx+Bs6vuKJHHl5kox/BaKbhiXzqQOwK4cO22yElGp2OCmjwVhT3HmxgyPGnJfQ==}

  bumpp@10.0.3:
    resolution: {integrity: sha512-5ONBZenNf9yfTIl2vFvDEfeeioidt0fG10SzjHQw50BRxOmXzsdY+lab1+SDMfiW6UyJ1xQqzFymcy5wa8YhTA==}
    engines: {node: '>=18'}
    hasBin: true

  bun-types@1.2.4:
    resolution: {integrity: sha512-nDPymR207ZZEoWD4AavvEaa/KZe/qlrbMSchqpQwovPZCKc7pwMoENjEtHgMKaAjJhy+x6vfqSBA1QU3bJgs0Q==}

  c12@2.0.4:
    resolution: {integrity: sha512-3DbbhnFt0fKJHxU4tEUPmD1ahWE4PWPMomqfYsTJdrhpmEnRKJi3qSC4rO5U6E6zN1+pjBY7+z8fUmNRMaVKLw==}
    peerDependencies:
      magicast: ^0.3.5
    peerDependenciesMeta:
      magicast:
        optional: true

  cac@6.7.14:
    resolution: {integrity: sha512-b6Ilus+c3RrdDk+JhLKUAQfzzgLEPy6wcXqS7f/xe1EETvsDP6GORG7SFuOs6cID5YkqchW/LXZbX5bc8j7ZcQ==}
    engines: {node: '>=8'}

  capnp-ts@0.7.0:
    resolution: {integrity: sha512-XKxXAC3HVPv7r674zP0VC3RTXz+/JKhfyw94ljvF80yynK6VkTnqE3jMuN8b3dUVmmc43TjyxjW4KTsmB3c86g==}

  chokidar@3.6.0:
    resolution: {integrity: sha512-7VT13fmjotKpGipCW9JEQAusEPE+Ei8nl6/g4FBAmIm0GOOLMua9NDDo/DWp0ZAxCr3cPq5ZpBqmPAQgDda2Pw==}
    engines: {node: '>= 8.10.0'}

  chokidar@4.0.3:
    resolution: {integrity: sha512-Qgzu8kfBvo+cA4962jnP1KkS6Dop5NS6g7R5LFYJr4b8Ub94PPQXUksCw9PvXoeXPRRddRNC5C1JQUR2SMGtnA==}
    engines: {node: '>= 14.16.0'}

  chownr@2.0.0:
    resolution: {integrity: sha512-bIomtDF5KGpdogkLd9VspvFzk9KfpyyGlS8YFVZl7TGPBHL5snIOnxeshwVgPteQ9b4Eydl+pVbIyE1DcvCWgQ==}
    engines: {node: '>=10'}

  citty@0.1.6:
    resolution: {integrity: sha512-tskPPKEs8D2KPafUypv2gxwJP8h/OaJmC82QQGGDQcHvXX43xF2VDACcJVmZ0EuSxkpO9Kc4MlrA3q0+FG58AQ==}

  confbox@0.1.8:
    resolution: {integrity: sha512-RMtmw0iFkeR4YV+fUOSucriAQNb9g8zFR52MWCtl+cCZOFRNL6zeB395vPzFhEjjn4fMxXudmELnl/KF/WrK6w==}

  consola@3.4.0:
    resolution: {integrity: sha512-EiPU8G6dQG0GFHNR8ljnZFki/8a+cQwEQ+7wpxdChl02Q8HXlwEZWD5lqAF8vC2sEC3Tehr8hy7vErz88LHyUA==}
    engines: {node: ^14.18.0 || >=16.10.0}

  cookie@0.7.2:
    resolution: {integrity: sha512-yki5XnKuf750l50uGTllt6kKILY4nQ1eNIQatoXEByZ5dWgnKqbnqmTrBE5B4N7lrMJKQ2ytWMiTO2o0v6Ew/w==}
    engines: {node: '>= 0.6'}

  data-uri-to-buffer@2.0.2:
    resolution: {integrity: sha512-ND9qDTLc6diwj+Xe5cdAgVTbLVdXbtxTJRXRhli8Mowuaan+0EJOtdqJ0QCHNSSPyoXGx9HX2/VMnKeC34AChA==}

  debug@4.4.1:
    resolution: {integrity: sha512-KcKCqiftBJcZr++7ykoDIEwSa3XWowTfNPo92BYxjXiyYEVrUQh2aLyhxBCwww+heortUFxEJYcRzosstTEBYQ==}
    engines: {node: '>=6.0'}
    peerDependencies:
      supports-color: '*'
    peerDependenciesMeta:
      supports-color:
        optional: true

  defu@6.1.4:
    resolution: {integrity: sha512-mEQCMmwJu317oSz8CwdIOdwf3xMif1ttiM8LTufzc3g6kR+9Pe236twL8j3IYT1F7GfRgGcW6MWxzZjLIkuHIg==}

  destr@2.0.3:
    resolution: {integrity: sha512-2N3BOUU4gYMpTP24s5rF5iP7BDr7uNTCs4ozw3kf/eKfvWSIu93GEBi5m427YoyJoeOzQ5smuu4nNAPGb8idSQ==}

  dotenv@16.4.7:
    resolution: {integrity: sha512-47qPchRCykZC03FhkYAhrvwU4xDBFIj1QPqaarj6mdM/hgUzfPHcpkHJOn3mJAufFeeAxAzeGsr5X0M4k6fLZQ==}
    engines: {node: '>=12'}

  esbuild@0.17.19:
    resolution: {integrity: sha512-XQ0jAPFkK/u3LcVRcvVHQcTIqD6E2H1fvZMA5dQPSOWb3suUbWbfbRf94pjc0bNzRYLfIrDRQXr7X+LHIm5oHw==}
    engines: {node: '>=12'}
    hasBin: true

  escalade@3.2.0:
    resolution: {integrity: sha512-WUj2qlxaQtO4g6Pq5c29GTcWGDyd8itL8zTlipgECz3JesAiiOKotd8JU6otB3PACgG6xkJUyVhboMS+bje/jA==}
    engines: {node: '>=6'}

  escape-string-regexp@4.0.0:
    resolution: {integrity: sha512-TtpcNJ3XAzx3Gq8sWRzJaVajRs0uVxA2YAkdb1jm2YkPz4G6egUFAyA3n5vtEIZefPk5Wa4UXbKuS5fKkJWdgA==}
    engines: {node: '>=10'}

  estree-walker@0.6.1:
    resolution: {integrity: sha512-SqmZANLWS0mnatqbSfRP5g8OXZC12Fgg1IwNtLsyHDzJizORW4khDfjPqJZsemPWBB2uqykUah5YpQ6epsqC/w==}

  exit-hook@2.2.1:
    resolution: {integrity: sha512-eNTPlAD67BmP31LDINZ3U7HSF8l57TxOY2PmBJ1shpCvpnxBF93mWCE8YHBnXs8qiUZJc9WDcWIeC3a2HIAMfw==}
    engines: {node: '>=6'}

  fdir@6.4.3:
    resolution: {integrity: sha512-PMXmW2y1hDDfTSRc9gaXIuCCRpuoz3Kaz8cUelp3smouvfT632ozg2vrT6lJsHKKOF59YLbOGfAWGUcKEfRMQw==}
    peerDependencies:
      picomatch: ^3 || ^4
    peerDependenciesMeta:
      picomatch:
        optional: true

  fill-range@7.1.1:
    resolution: {integrity: sha512-YsGpe3WHLK8ZYi4tWDg2Jy3ebRz2rXowDxnld4bkQB00cc/1Zw9AWnC0i9ztDJitivtQvaI9KaLyKrc+hBW0yg==}
    engines: {node: '>=8'}

  fs-minipass@2.1.0:
    resolution: {integrity: sha512-V/JgOLFCS+R6Vcq0slCuaeWEdNC3ouDlJMNIsacH2VtALiu9mV4LPrHc5cDl8k5aw6J8jwgWWpiTo5RYhmIzvg==}
    engines: {node: '>= 8'}

  fsevents@2.3.3:
    resolution: {integrity: sha512-5xoDfX+fL7faATnagmWPpbFtwh/R77WmMMqqHGS65C3vvB0YHrgF+B1YmZ3441tMj5n63k0212XNoJwzlhffQw==}
    engines: {node: ^8.16.0 || ^10.6.0 || >=11.0.0}
    os: [darwin]

  get-source@2.0.12:
    resolution: {integrity: sha512-X5+4+iD+HoSeEED+uwrQ07BOQr0kEDFMVqqpBuI+RaZBpBpHCuXxo70bjar6f0b0u/DQJsJ7ssurpP0V60Az+w==}

  giget@1.2.5:
    resolution: {integrity: sha512-r1ekGw/Bgpi3HLV3h1MRBIlSAdHoIMklpaQ3OQLFcRw9PwAj2rqigvIbg+dBUI51OxVI2jsEtDywDBjSiuf7Ug==}
    hasBin: true

  glob-parent@5.1.2:
    resolution: {integrity: sha512-AOIgSQCepiJYwP3ARnGx+5VnTu2HBYdzbGP45eLw1vr3zB3vZLeyed1sC9hnbcOc9/SrMyM5RPQrkGz4aS9Zow==}
    engines: {node: '>= 6'}

  glob-to-regexp@0.4.1:
    resolution: {integrity: sha512-lkX1HJXwyMcprw/5YUZc2s7DrpAiHB21/V+E1rHUrVNokkvB6bqMzT0VfV6/86ZNabt1k14YOIaT7nDvOX3Iiw==}

  is-binary-path@2.1.0:
    resolution: {integrity: sha512-ZMERYes6pDydyuGidse7OsHxtbI7WVeUEozgR/g7rd0xUimYNlvZRE/K2MgZTjWy725IfelLeVcEM97mmtRGXw==}
    engines: {node: '>=8'}

  is-extglob@2.1.1:
    resolution: {integrity: sha512-SbKbANkN603Vi4jEZv49LeVJMn4yGwsbzZworEoyEiutsN3nJYdbO36zfhGJ6QEDpOZIFkDtnq5JRxmvl3jsoQ==}
    engines: {node: '>=0.10.0'}

  is-glob@4.0.3:
    resolution: {integrity: sha512-xelSayHH36ZgE7ZWhli7pW34hNbNl8Ojv5KVmkJD4hBdD3th8Tfk9vYasLM+mXWOZhFkgZfxhLSnrwRr4elSSg==}
    engines: {node: '>=0.10.0'}

  is-number@7.0.0:
    resolution: {integrity: sha512-41Cifkg6e8TylSpdtTpeLVMqvSBEVzTttHvERD741+pnZ8ANv0004MRL43QKPDlK9cGvNp6NZWZUBlbGXYxxng==}
    engines: {node: '>=0.12.0'}

  jiti@2.4.2:
    resolution: {integrity: sha512-rg9zJN+G4n2nfJl5MW3BMygZX56zKPNVEYYqq7adpmMh4Jn2QNEwhvQlFy6jPVdcod7txZtKHWnyZiA3a0zP7A==}
    hasBin: true

  js-yaml@4.1.0:
    resolution: {integrity: sha512-wpxZs9NoxZaJESJGIZTyDEaYpl0FKSA+FB9aJiyemKhMwkxQg63h4T1KJgUGHpTqPDNRcmmYLugrRjJlBtWvRA==}
    hasBin: true

  jsonc-parser@3.3.1:
    resolution: {integrity: sha512-HUgH65KyejrUFPvHFPbqOY0rsFip3Bo5wb4ngvdi1EpCYWUQDC5V+Y7mZws+DLkr4M//zQJoanu1SP+87Dv1oQ==}

  kleur@3.0.3:
    resolution: {integrity: sha512-eTIzlVOSUR+JxdDFepEYcBMtZ9Qqdef+rnzWdRZuMbOywu5tO2w2N7rqjoANZ5k9vywhL6Br1VRjUIgTQx4E8w==}
    engines: {node: '>=6'}

  magic-string@0.25.9:
    resolution: {integrity: sha512-RmF0AsMzgt25qzqqLc1+MbHmhdx0ojF2Fvs4XnOqz2ZOBXzzkEwc/dJQZCYHAn7v1jbVOjAZfK8msRn4BxO4VQ==}

  mime@3.0.0:
    resolution: {integrity: sha512-jSCU7/VB1loIWBZe14aEYHU/+1UMEHoaO7qxCOVJOw9GgH72VAWppxNcjU+x9a2k3GSIBXNKxXQFqRvvZ7vr3A==}
    engines: {node: '>=10.0.0'}
    hasBin: true

  miniflare@3.20231030.3:
    resolution: {integrity: sha512-lquHSh0XiO8uoWDujOLHtDS9mkUTJTc5C5amiQ6A++5y0f+DWiMqbDBvvwjlYf4Dvqk6ChFya9dztk7fg2ZVxA==}
    engines: {node: '>=16.13'}
    hasBin: true

  minipass@3.3.6:
    resolution: {integrity: sha512-DxiNidxSEK+tHG6zOIklvNOwm3hvCrbUrdtzY74U6HKTJxvIDfOUL5W5P2Ghd3DTkhhKPYGqeNUIh5qcM4YBfw==}
    engines: {node: '>=8'}

  minipass@5.0.0:
    resolution: {integrity: sha512-3FnjYuehv9k6ovOEbyOswadCDPX1piCfhV8ncmYtHOjuPwylVWsghTLo7rabjC3Rx5xD4HDx8Wm1xnMF7S5qFQ==}
    engines: {node: '>=8'}

  minizlib@2.1.2:
    resolution: {integrity: sha512-bAxsR8BVfj60DWXHE3u30oHzfl4G7khkSuPW+qvpd7jFRHm7dLxOjUk1EHACJ/hxLY8phGJ0YhYHZo7jil7Qdg==}
    engines: {node: '>= 8'}

  mkdirp@1.0.4:
    resolution: {integrity: sha512-vVqVZQyf3WLx2Shd0qJ9xuvqgAyKPLAiqITEtqW0oIUjzo3PePDd6fW9iFz30ef7Ysp/oiWqbhszeGWW2T6Gzw==}
    engines: {node: '>=10'}
    hasBin: true

  mlly@1.7.4:
    resolution: {integrity: sha512-qmdSIPC4bDJXgZTCR7XosJiNKySV7O215tsPtDN9iEO/7q/76b/ijtgRu/+epFXSJhijtTCCGp3DWS549P3xKw==}

  ms@2.1.3:
    resolution: {integrity: sha512-6FlzubTLZG3J2a/NVCAleEhjzq5oxgHyaCU9yYXvcLsvoVaHJq/s5xXI6/XXP6tz7R9xAOtHnSO/tXtF3WRTlA==}

  mustache@4.2.0:
    resolution: {integrity: sha512-71ippSywq5Yb7/tVYyGbkBggbU8H3u5Rz56fH60jGFgr8uHwxs+aSKeqmluIVzM0m0kB7xQjKS6qPfd0b2ZoqQ==}
    hasBin: true

  nanoid@3.3.11:
    resolution: {integrity: sha512-N8SpfPUnUp1bK+PMYW8qSWdl9U+wwNWI4QKxOYDy9JAro3WMX7p2OeVRF9v+347pnakNevPmiHhNmZ2HbFA76w==}
    engines: {node: ^10 || ^12 || ^13.7 || ^14 || >=15.0.1}
    hasBin: true

  node-fetch-native@1.6.6:
    resolution: {integrity: sha512-8Mc2HhqPdlIfedsuZoc3yioPuzp6b+L5jRCRY1QzuWZh2EGJVQrGppC6V6cF0bLdbW0+O2YpqCA25aF/1lvipQ==}

  node-forge@1.3.1:
    resolution: {integrity: sha512-dPEtOeMvF9VMcYV/1Wb8CPoVAXtp6MKMlcbAt4ddqmGqUJ6fQZFXkNZNkNlfevtNkGtaSoXf/vNNNSvgrdXwtA==}
    engines: {node: '>= 6.13.0'}

  normalize-path@3.0.0:
    resolution: {integrity: sha512-6eZs5Ls3WtCisHWp9S2GUy8dqkpGi4BVSz3GaqiE6ezub0512ESztXUwUB6C6IKbQkY2Pnb/mD4WYojCRwcwLA==}
    engines: {node: '>=0.10.0'}

  nypm@0.5.4:
    resolution: {integrity: sha512-X0SNNrZiGU8/e/zAB7sCTtdxWTMSIO73q+xuKgglm2Yvzwlo8UoC5FNySQFCvl84uPaeADkqHUZUkWy4aH4xOA==}
    engines: {node: ^14.16.0 || >=16.10.0}
    hasBin: true

  ohash@2.0.11:
    resolution: {integrity: sha512-RdR9FQrFwNBNXAr4GixM8YaRZRJ5PUWbKYbE5eOsrwAjJW0q2REGcf79oYPsLyskQCZG1PLN+S/K1V00joZAoQ==}

  package-manager-detector@0.2.11:
    resolution: {integrity: sha512-BEnLolu+yuz22S56CU1SUKq3XC3PkwD5wv4ikR4MfGvnRVcmzXR9DwSlW2fEamyTPyXHomBJRzgapeuBvRNzJQ==}

  path-to-regexp@6.3.0:
    resolution: {integrity: sha512-Yhpw4T9C6hPpgPeA28us07OJeqZ5EzQTkbfwuhsUg0c237RomFoETJgmp2sa3F/41gfLE6G5cqcYwznmeEeOlQ==}

  pathe@2.0.3:
    resolution: {integrity: sha512-WUjGcAqP1gQacoQe+OBJsFA7Ld4DyXuUIjZ5cc75cLHvJ7dtNsTugphxIADwspS+AraAUePCKrSVtPLFj/F88w==}

  perfect-debounce@1.0.0:
    resolution: {integrity: sha512-xCy9V055GLEqoFaHoC1SoLIaLmWctgCUaBaWxDZ7/Zx4CTyX7cJQLJOok/orfjZAh9kEYpjJa4d0KcJmCbctZA==}

  picomatch@2.3.1:
    resolution: {integrity: sha512-JU3teHTNjmE2VCGFzuY8EXzCDVwEqB2a8fsIvwaStHhAWJEeVd1o1QD80CU6+ZdEXXSLbSsuLwJjkCBWqRQUVA==}
    engines: {node: '>=8.6'}

  picomatch@4.0.2:
    resolution: {integrity: sha512-M7BAV6Rlcy5u+m6oPhAPFgJTzAioX/6B0DxyvDlo9l8+T3nLKbrczg2WLUyzd45L8RqfUMyGPzekbMvX2Ldkwg==}
    engines: {node: '>=12'}

  pkg-types@1.3.1:
    resolution: {integrity: sha512-/Jm5M4RvtBFVkKWRu2BLUTNP8/M2a+UwuAX+ae4770q1qVGtfjG+WTCupoZixokjmHiry8uI+dlY8KXYV5HVVQ==}

  prettier@3.5.3:
    resolution: {integrity: sha512-QQtaxnoDJeAkDvDKWCLiwIXkTgRhwYDEQCghU9Z6q03iyek/rxRh/2lC3HB7P8sWT2xC/y5JDctPLBIGzHKbhw==}
    engines: {node: '>=14'}
    hasBin: true

  printable-characters@1.0.42:
    resolution: {integrity: sha512-dKp+C4iXWK4vVYZmYSd0KBH5F/h1HoZRsbJ82AVKRO3PEo8L4lBS/vLwhVtpwwuYcoIsVY+1JYKR268yn480uQ==}

  prompts@2.4.2:
    resolution: {integrity: sha512-NxNv/kLguCA7p3jE8oL2aEBsrJWgAakBpgmgK6lpPWV+WuOmY6r2/zbAVnP+T8bQlA0nzHXSJSJW0Hq7ylaD2Q==}
    engines: {node: '>= 6'}

  quansync@0.2.8:
    resolution: {integrity: sha512-4+saucphJMazjt7iOM27mbFCk+D9dd/zmgMDCzRZ8MEoBfYp7lAvoN38et/phRQF6wOPMy/OROBGgoWeSKyluA==}

  rc9@2.1.2:
    resolution: {integrity: sha512-btXCnMmRIBINM2LDZoEmOogIZU7Qe7zn4BpomSKZ/ykbLObuBdvG+mFq11DL6fjH1DRwHhrlgtYWG96bJiC7Cg==}

  readdirp@3.6.0:
    resolution: {integrity: sha512-hOS089on8RduqdbhvQ5Z37A0ESjsqz6qnRcffsMU3495FuTdqSm+7bhJ29JvIOsBDEEnan5DPu9t3To9VRlMzA==}
    engines: {node: '>=8.10.0'}

  readdirp@4.1.2:
    resolution: {integrity: sha512-GDhwkLfywWL2s6vEjyhri+eXmfH6j1L7JE27WhqLeYzoh/A3DBaYGEj2H/HFZCn/kMfim73FXxEJTw06WtxQwg==}
    engines: {node: '>= 14.18.0'}

  resolve.exports@2.0.3:
    resolution: {integrity: sha512-OcXjMsGdhL4XnbShKpAcSqPMzQoYkYyhbEaeSko47MjRP9NfEQMhZkXL1DoFlt9LWQn4YttrdnV6X2OiyzBi+A==}
    engines: {node: '>=10'}

  rollup-plugin-inject@3.0.2:
    resolution: {integrity: sha512-ptg9PQwzs3orn4jkgXJ74bfs5vYz1NCZlSQMBUA0wKcGp5i5pA1AO3fOUEte8enhGUC+iapTCzEWw2jEFFUO/w==}
    deprecated: This package has been deprecated and is no longer maintained. Please use @rollup/plugin-inject.

  rollup-plugin-node-polyfills@0.2.1:
    resolution: {integrity: sha512-4kCrKPTJ6sK4/gLL/U5QzVT8cxJcofO0OU74tnB19F40cmuAKSzH5/siithxlofFEjwvw1YAhPmbvGNA6jEroA==}

  rollup-pluginutils@2.8.2:
    resolution: {integrity: sha512-EEp9NhnUkwY8aif6bxgovPHMoMoNr2FulJziTndpt5H9RdwC47GSGuII9XxpSdzVGM0GWrNPHV6ie1LTNJPaLQ==}

  selfsigned@2.4.1:
    resolution: {integrity: sha512-th5B4L2U+eGLq1TVh7zNRGBapioSORUeymIydxgFpwww9d2qyKvtuPU2jJuHvYAwwqi2Y596QBL3eEqcPEYL8Q==}
    engines: {node: '>=10'}

  semver@7.7.1:
    resolution: {integrity: sha512-hlq8tAfn0m/61p4BVRcPzIGr6LKiMwo4VM6dGi6pt4qcRkmNzTcWq6eCEjEh+qXjkMDvPlOFFSGwQjoEa6gyMA==}
    engines: {node: '>=10'}
    hasBin: true

  sisteransi@1.0.5:
    resolution: {integrity: sha512-bLGGlR1QxBcynn2d5YmDX4MGjlZvy2MRBDRNHLJ8VI6l6+9FUiyTFNJ0IveOSP0bcXgVDPRcfGqA0pjaqUpfVg==}

  source-map-support@0.5.21:
    resolution: {integrity: sha512-uBHU3L3czsIyYXKX88fdrGovxdSCoTGDRZ6SYXtSRxLZUzHg5P/66Ht6uoUlHu9EZod+inXhKo3qQgwXUT/y1w==}

  source-map@0.6.1:
    resolution: {integrity: sha512-UjgapumWlbMhkBgzT7Ykc5YXUT46F0iKu8SGXq0bcwP5dz/h0Plj6enJqjz1Zbq2l5WaqYnrVbwWOWMyF3F47g==}
    engines: {node: '>=0.10.0'}

  sourcemap-codec@1.4.8:
    resolution: {integrity: sha512-9NykojV5Uih4lgo5So5dtw+f0JgJX30KCNI8gwhz2J9A15wD0Ml6tjHKwf6fTSa6fAdVBdZeNOs9eJ71qCk8vA==}
    deprecated: Please use @jridgewell/sourcemap-codec instead

  stacktracey@2.1.8:
    resolution: {integrity: sha512-Kpij9riA+UNg7TnphqjH7/CzctQ/owJGNbFkfEeve4Z4uxT5+JapVLFXcsurIfN34gnTWZNJ/f7NMG0E8JDzTw==}

  stoppable@1.1.0:
    resolution: {integrity: sha512-KXDYZ9dszj6bzvnEMRYvxgeTHU74QBFL54XKtP3nyMuJ81CFYtABZ3bAzL2EdFUaEwJOBOgENyFj3R7oTzDyyw==}
    engines: {node: '>=4', npm: '>=6'}

  tar@6.2.1:
    resolution: {integrity: sha512-DZ4yORTwrbTj/7MZYq2w+/ZFdI6OZ/f9SFHR+71gIVUZhOQPHzVCLpvRnPgyaMpfWxxk/4ONva3GQSyNIKRv6A==}
    engines: {node: '>=10'}

  tinyexec@0.3.2:
    resolution: {integrity: sha512-KQQR9yN7R5+OSwaK0XQoj22pwHoTlgYqmUscPYoknOoWCWfj/5/ABTMRi69FrKU5ffPVh5QcFikpWJI/P1ocHA==}

  tinyglobby@0.2.12:
    resolution: {integrity: sha512-qkf4trmKSIiMTs/E63cxH+ojC2unam7rJ0WrauAzpT3ECNTxGRMlaXxVbfxMUC/w0LaYk6jQ4y/nGR9uBO3tww==}
    engines: {node: '>=12.0.0'}

  to-regex-range@5.0.1:
    resolution: {integrity: sha512-65P7iz6X5yEr1cwcgvQxbbIw7Uk3gOy5dIdtZ4rDveLqhrdJP+Li/Hx6tyK0NEb+2GCyneCMJiGqrADCSNk8sQ==}
    engines: {node: '>=8.0'}

  tslib@2.8.1:
    resolution: {integrity: sha512-oJFu94HQb+KVduSUQL7wnpmqnfmLsOA/nAh6b6EH0wCEoK0/mPeXU6c3wKDV83MkOuHPRHtSXKKU99IBazS/2w==}

  typescript@5.8.2:
    resolution: {integrity: sha512-aJn6wq13/afZp/jT9QZmwEjDqqvSGp1VT5GVg+f/t6/oVyrgXM6BY1h9BRh/O5p3PlUPAe+WuiEZOmb/49RqoQ==}
    engines: {node: '>=14.17'}
    hasBin: true

  ufo@1.5.4:
    resolution: {integrity: sha512-UsUk3byDzKd04EyoZ7U4DOlxQaD14JUKQl6/P7wiX4FNvUfm3XL246n9W5AmqwW5RSFJ27NAuM0iLscAOYUiGQ==}

  undici-types@6.20.0:
    resolution: {integrity: sha512-Ny6QZ2Nju20vw1SRHe3d9jVu6gJ+4e3+MMpqu7pqE5HT6WsTSlce++GQmK5UXS8mzV8DSYHrQH+Xrf2jVcuKNg==}

  undici@5.29.0:
    resolution: {integrity: sha512-raqeBD6NQK4SkWhQzeYKd1KmIG6dllBOTt55Rmkt4HtI9mwdWtJljnrXjAFUBLTSN67HWrOIZ3EPF4kjUw80Bg==}
    engines: {node: '>=14.0'}

  workerd@1.20231030.0:
    resolution: {integrity: sha512-+FSW+d31f8RrjHanFf/R9A+Z0csf3OtsvzdPmAKuwuZm/5HrBv83cvG9fFeTxl7/nI6irUUXIRF9xcj/NomQzQ==}
    engines: {node: '>=16'}
    hasBin: true

  wrangler@3.19.0:
    resolution: {integrity: sha512-pY7xWqkQn6DJ+1vz9YHz2pCftEmK+JCTj9sqnucp0NZnlUiILDmBWegsjjCLZycgfiA62J213N7NvjLPr2LB8w==}
    engines: {node: '>=16.17.0'}
    hasBin: true

  ws@8.18.3:
    resolution: {integrity: sha512-PEIGCY5tSlUt50cqyMXfCzX+oOPqN0vuGqWzbcJ2xvnkzkq46oOpz7dQaTDBdfICb4N14+GARUDw2XV2N4tvzg==}
    engines: {node: '>=10.0.0'}
    peerDependencies:
      bufferutil: ^4.0.1
      utf-8-validate: '>=5.0.2'
    peerDependenciesMeta:
      bufferutil:
        optional: true
      utf-8-validate:
        optional: true

  xxhash-wasm@1.1.0:
    resolution: {integrity: sha512-147y/6YNh+tlp6nd/2pWq38i9h6mz/EuQ6njIrmW8D1BS5nCqs0P6DG+m6zTGnNz5I+uhZ0SHxBs9BsPrwcKDA==}

  yallist@4.0.0:
    resolution: {integrity: sha512-3wdGidZyq5PB084XLES5TpOSRA3wjXAlIWMhum2kRcv/41Sn2emQ0dycQW4uZXLejwKvg6EsvbdlVL+FYEct7A==}

  youch@3.3.4:
    resolution: {integrity: sha512-UeVBXie8cA35DS6+nBkls68xaBBXCye0CNznrhszZjTbRVnJKQuNsyLKBTTL4ln1o1rh2PKtv35twV7irj5SEg==}

  zod@3.25.76:
    resolution: {integrity: sha512-gzUt/qt81nXsFGKIFcC3YnfEAx5NkunCfnDlvuBSSFS02bcXu4Lmea0AFIUwbLWxWPx3d9p8S5QoaujKcNQxcQ==}

snapshots:

  '@cloudflare/kv-asset-handler@0.2.0':
    dependencies:
      mime: 3.0.0

  '@cloudflare/workerd-darwin-64@1.20231030.0':
    optional: true

  '@cloudflare/workerd-darwin-arm64@1.20231030.0':
    optional: true

  '@cloudflare/workerd-linux-64@1.20231030.0':
    optional: true

  '@cloudflare/workerd-linux-arm64@1.20231030.0':
    optional: true

  '@cloudflare/workerd-windows-64@1.20231030.0':
    optional: true

  '@esbuild-plugins/node-globals-polyfill@0.2.3(esbuild@0.17.19)':
    dependencies:
      esbuild: 0.17.19

  '@esbuild-plugins/node-modules-polyfill@0.2.2(esbuild@0.17.19)':
    dependencies:
      esbuild: 0.17.19
      escape-string-regexp: 4.0.0
      rollup-plugin-node-polyfills: 0.2.1

  '@esbuild/android-arm64@0.17.19':
    optional: true

  '@esbuild/android-arm@0.17.19':
    optional: true

  '@esbuild/android-x64@0.17.19':
    optional: true

  '@esbuild/darwin-arm64@0.17.19':
    optional: true

  '@esbuild/darwin-x64@0.17.19':
    optional: true

  '@esbuild/freebsd-arm64@0.17.19':
    optional: true

  '@esbuild/freebsd-x64@0.17.19':
    optional: true

  '@esbuild/linux-arm64@0.17.19':
    optional: true

  '@esbuild/linux-arm@0.17.19':
    optional: true

  '@esbuild/linux-ia32@0.17.19':
    optional: true

  '@esbuild/linux-loong64@0.17.19':
    optional: true

  '@esbuild/linux-mips64el@0.17.19':
    optional: true

  '@esbuild/linux-ppc64@0.17.19':
    optional: true

  '@esbuild/linux-riscv64@0.17.19':
    optional: true

  '@esbuild/linux-s390x@0.17.19':
    optional: true

  '@esbuild/linux-x64@0.17.19':
    optional: true

  '@esbuild/netbsd-x64@0.17.19':
    optional: true

  '@esbuild/openbsd-x64@0.17.19':
    optional: true

  '@esbuild/sunos-x64@0.17.19':
    optional: true

  '@esbuild/win32-arm64@0.17.19':
    optional: true

  '@esbuild/win32-ia32@0.17.19':
    optional: true

  '@esbuild/win32-x64@0.17.19':
    optional: true

  '@fastify/busboy@2.1.1': {}

  '@jsr/oak__commons@1.0.0':
    dependencies:
      '@jsr/std__assert': 1.0.11
      '@jsr/std__bytes': 1.0.5
      '@jsr/std__crypto': 1.0.4
      '@jsr/std__encoding': 1.0.7
      '@jsr/std__http': 1.0.13
      '@jsr/std__media-types': 1.1.0

  '@jsr/oak__oak@17.1.4':
    dependencies:
      '@jsr/oak__commons': 1.0.0
      '@jsr/std__assert': 1.0.11
      '@jsr/std__bytes': 1.0.5
      '@jsr/std__http': 1.0.13
      '@jsr/std__media-types': 1.1.0
      '@jsr/std__path': 1.0.8
      path-to-regexp: 6.3.0

  '@jsr/std__assert@1.0.11':
    dependencies:
      '@jsr/std__internal': 1.0.5

  '@jsr/std__bytes@1.0.5': {}

  '@jsr/std__cli@1.0.14': {}

  '@jsr/std__crypto@1.0.4': {}

  '@jsr/std__encoding@1.0.7': {}

  '@jsr/std__fmt@1.0.6': {}

  '@jsr/std__html@1.0.3': {}

  '@jsr/std__http@1.0.13':
    dependencies:
      '@jsr/std__cli': 1.0.14
      '@jsr/std__encoding': 1.0.7
      '@jsr/std__fmt': 1.0.6
      '@jsr/std__html': 1.0.3
      '@jsr/std__media-types': 1.1.0
      '@jsr/std__net': 1.0.4
      '@jsr/std__path': 1.0.8
      '@jsr/std__streams': 1.0.9

  '@jsr/std__internal@1.0.5': {}

  '@jsr/std__media-types@1.1.0': {}

  '@jsr/std__net@1.0.4': {}

  '@jsr/std__path@1.0.8': {}

  '@jsr/std__streams@1.0.9':
    dependencies:
      '@jsr/std__bytes': 1.0.5

  '@types/bun@1.2.4':
    dependencies:
      bun-types: 1.2.4

  '@types/node-forge@1.3.13':
    dependencies:
      '@types/node': 22.13.9

  '@types/node@22.13.9':
    dependencies:
      undici-types: 6.20.0

  '@types/ws@8.5.14':
    dependencies:
      '@types/node': 22.13.9

  acorn-walk@8.3.4:
    dependencies:
      acorn: 8.15.0

  acorn@8.15.0: {}

  anymatch@3.1.3:
    dependencies:
      normalize-path: 3.0.0
      picomatch: 2.3.1

  argparse@2.0.1: {}

  args-tokenizer@0.3.0: {}

  as-table@1.0.55:
    dependencies:
      printable-characters: 1.0.42

  binary-extensions@2.3.0: {}

  blake3-wasm@2.1.5: {}

  braces@3.0.3:
    dependencies:
      fill-range: 7.1.1

  buffer-from@1.1.2: {}

  bumpp@10.0.3:
    dependencies:
      args-tokenizer: 0.3.0
      c12: 2.0.4
      cac: 6.7.14
      escalade: 3.2.0
      js-yaml: 4.1.0
      jsonc-parser: 3.3.1
      package-manager-detector: 0.2.11
      prompts: 2.4.2
      semver: 7.7.1
      tinyexec: 0.3.2
      tinyglobby: 0.2.12
    transitivePeerDependencies:
      - magicast

  bun-types@1.2.4:
    dependencies:
      '@types/node': 22.13.9
      '@types/ws': 8.5.14

  c12@2.0.4:
    dependencies:
      chokidar: 4.0.3
      confbox: 0.1.8
      defu: 6.1.4
      dotenv: 16.4.7
      giget: 1.2.5
      jiti: 2.4.2
      mlly: 1.7.4
      ohash: 2.0.11
      pathe: 2.0.3
      perfect-debounce: 1.0.0
      pkg-types: 1.3.1
      rc9: 2.1.2

  cac@6.7.14: {}

  capnp-ts@0.7.0:
    dependencies:
      debug: 4.4.1
      tslib: 2.8.1
    transitivePeerDependencies:
      - supports-color

  chokidar@3.6.0:
    dependencies:
      anymatch: 3.1.3
      braces: 3.0.3
      glob-parent: 5.1.2
      is-binary-path: 2.1.0
      is-glob: 4.0.3
      normalize-path: 3.0.0
      readdirp: 3.6.0
    optionalDependencies:
      fsevents: 2.3.3

  chokidar@4.0.3:
    dependencies:
      readdirp: 4.1.2

  chownr@2.0.0: {}

  citty@0.1.6:
    dependencies:
      consola: 3.4.0

  confbox@0.1.8: {}

  consola@3.4.0: {}

  cookie@0.7.2: {}

  data-uri-to-buffer@2.0.2: {}

  debug@4.4.1:
    dependencies:
      ms: 2.1.3

  defu@6.1.4: {}

  destr@2.0.3: {}

  dotenv@16.4.7: {}

  esbuild@0.17.19:
    optionalDependencies:
      '@esbuild/android-arm': 0.17.19
      '@esbuild/android-arm64': 0.17.19
      '@esbuild/android-x64': 0.17.19
      '@esbuild/darwin-arm64': 0.17.19
      '@esbuild/darwin-x64': 0.17.19
      '@esbuild/freebsd-arm64': 0.17.19
      '@esbuild/freebsd-x64': 0.17.19
      '@esbuild/linux-arm': 0.17.19
      '@esbuild/linux-arm64': 0.17.19
      '@esbuild/linux-ia32': 0.17.19
      '@esbuild/linux-loong64': 0.17.19
      '@esbuild/linux-mips64el': 0.17.19
      '@esbuild/linux-ppc64': 0.17.19
      '@esbuild/linux-riscv64': 0.17.19
      '@esbuild/linux-s390x': 0.17.19
      '@esbuild/linux-x64': 0.17.19
      '@esbuild/netbsd-x64': 0.17.19
      '@esbuild/openbsd-x64': 0.17.19
      '@esbuild/sunos-x64': 0.17.19
      '@esbuild/win32-arm64': 0.17.19
      '@esbuild/win32-ia32': 0.17.19
      '@esbuild/win32-x64': 0.17.19

  escalade@3.2.0: {}

  escape-string-regexp@4.0.0: {}

  estree-walker@0.6.1: {}

  exit-hook@2.2.1: {}

  fdir@6.4.3(picomatch@4.0.2):
    optionalDependencies:
      picomatch: 4.0.2

  fill-range@7.1.1:
    dependencies:
      to-regex-range: 5.0.1

  fs-minipass@2.1.0:
    dependencies:
      minipass: 3.3.6

  fsevents@2.3.3:
    optional: true

  get-source@2.0.12:
    dependencies:
      data-uri-to-buffer: 2.0.2
      source-map: 0.6.1

  giget@1.2.5:
    dependencies:
      citty: 0.1.6
      consola: 3.4.0
      defu: 6.1.4
      node-fetch-native: 1.6.6
      nypm: 0.5.4
      pathe: 2.0.3
      tar: 6.2.1

  glob-parent@5.1.2:
    dependencies:
      is-glob: 4.0.3

  glob-to-regexp@0.4.1: {}

  is-binary-path@2.1.0:
    dependencies:
      binary-extensions: 2.3.0

  is-extglob@2.1.1: {}

  is-glob@4.0.3:
    dependencies:
      is-extglob: 2.1.1

  is-number@7.0.0: {}

  jiti@2.4.2: {}

  js-yaml@4.1.0:
    dependencies:
      argparse: 2.0.1

  jsonc-parser@3.3.1: {}

  kleur@3.0.3: {}

  magic-string@0.25.9:
    dependencies:
      sourcemap-codec: 1.4.8

  mime@3.0.0: {}

  miniflare@3.20231030.3:
    dependencies:
      acorn: 8.15.0
      acorn-walk: 8.3.4
      capnp-ts: 0.7.0
      exit-hook: 2.2.1
      glob-to-regexp: 0.4.1
      source-map-support: 0.5.21
      stoppable: 1.1.0
      undici: 5.29.0
      workerd: 1.20231030.0
      ws: 8.18.3
      youch: 3.3.4
      zod: 3.25.76
    transitivePeerDependencies:
      - bufferutil
      - supports-color
      - utf-8-validate

  minipass@3.3.6:
    dependencies:
      yallist: 4.0.0

  minipass@5.0.0: {}

  minizlib@2.1.2:
    dependencies:
      minipass: 3.3.6
      yallist: 4.0.0

  mkdirp@1.0.4: {}

  mlly@1.7.4:
    dependencies:
      acorn: 8.15.0
      pathe: 2.0.3
      pkg-types: 1.3.1
      ufo: 1.5.4

  ms@2.1.3: {}

  mustache@4.2.0: {}

  nanoid@3.3.11: {}

  node-fetch-native@1.6.6: {}

  node-forge@1.3.1: {}

  normalize-path@3.0.0: {}

  nypm@0.5.4:
    dependencies:
      citty: 0.1.6
      consola: 3.4.0
      pathe: 2.0.3
      pkg-types: 1.3.1
      tinyexec: 0.3.2
      ufo: 1.5.4

  ohash@2.0.11: {}

  package-manager-detector@0.2.11:
    dependencies:
      quansync: 0.2.8

  path-to-regexp@6.3.0: {}

  pathe@2.0.3: {}

  perfect-debounce@1.0.0: {}

  picomatch@2.3.1: {}

  picomatch@4.0.2: {}

  pkg-types@1.3.1:
    dependencies:
      confbox: 0.1.8
      mlly: 1.7.4
      pathe: 2.0.3

  prettier@3.5.3: {}

  printable-characters@1.0.42: {}

  prompts@2.4.2:
    dependencies:
      kleur: 3.0.3
      sisteransi: 1.0.5

  quansync@0.2.8: {}

  rc9@2.1.2:
    dependencies:
      defu: 6.1.4
      destr: 2.0.3

  readdirp@3.6.0:
    dependencies:
      picomatch: 2.3.1

  readdirp@4.1.2: {}

  resolve.exports@2.0.3: {}

  rollup-plugin-inject@3.0.2:
    dependencies:
      estree-walker: 0.6.1
      magic-string: 0.25.9
      rollup-pluginutils: 2.8.2

  rollup-plugin-node-polyfills@0.2.1:
    dependencies:
      rollup-plugin-inject: 3.0.2

  rollup-pluginutils@2.8.2:
    dependencies:
      estree-walker: 0.6.1

  selfsigned@2.4.1:
    dependencies:
      '@types/node-forge': 1.3.13
      node-forge: 1.3.1

  semver@7.7.1: {}

  sisteransi@1.0.5: {}

  source-map-support@0.5.21:
    dependencies:
      buffer-from: 1.1.2
      source-map: 0.6.1

  source-map@0.6.1: {}

  sourcemap-codec@1.4.8: {}

  stacktracey@2.1.8:
    dependencies:
      as-table: 1.0.55
      get-source: 2.0.12

  stoppable@1.1.0: {}

  tar@6.2.1:
    dependencies:
      chownr: 2.0.0
      fs-minipass: 2.1.0
      minipass: 5.0.0
      minizlib: 2.1.2
      mkdirp: 1.0.4
      yallist: 4.0.0

  tinyexec@0.3.2: {}

  tinyglobby@0.2.12:
    dependencies:
      fdir: 6.4.3(picomatch@4.0.2)
      picomatch: 4.0.2

  to-regex-range@5.0.1:
    dependencies:
      is-number: 7.0.0

  tslib@2.8.1: {}

  typescript@5.8.2: {}

  ufo@1.5.4: {}

  undici-types@6.20.0: {}

  undici@5.29.0:
    dependencies:
      '@fastify/busboy': 2.1.1

  workerd@1.20231030.0:
    optionalDependencies:
      '@cloudflare/workerd-darwin-64': 1.20231030.0
      '@cloudflare/workerd-darwin-arm64': 1.20231030.0
      '@cloudflare/workerd-linux-64': 1.20231030.0
      '@cloudflare/workerd-linux-arm64': 1.20231030.0
      '@cloudflare/workerd-windows-64': 1.20231030.0

  wrangler@3.19.0:
    dependencies:
      '@cloudflare/kv-asset-handler': 0.2.0
      '@esbuild-plugins/node-globals-polyfill': 0.2.3(esbuild@0.17.19)
      '@esbuild-plugins/node-modules-polyfill': 0.2.2(esbuild@0.17.19)
      blake3-wasm: 2.1.5
      chokidar: 3.6.0
      esbuild: 0.17.19
      miniflare: 3.20231030.3
      nanoid: 3.3.11
      path-to-regexp: 6.3.0
      resolve.exports: 2.0.3
      selfsigned: 2.4.1
      source-map: 0.6.1
      source-map-support: 0.5.21
      xxhash-wasm: 1.1.0
    optionalDependencies:
      fsevents: 2.3.3
    transitivePeerDependencies:
      - bufferutil
      - supports-color
      - utf-8-validate

  ws@8.18.3: {}

  xxhash-wasm@1.1.0: {}

  yallist@4.0.0: {}

  youch@3.3.4:
    dependencies:
      cookie: 0.7.2
      mustache: 4.2.0
      stacktracey: 2.1.8

  zod@3.25.76: {}
